
Microsoft Visual Studio Solution File, Format Version 12.00
# Visual Studio Version 17
VisualStudioVersion = 17.0.31903.59
MinimumVisualStudioVersion = 10.0.40219.1
Project("{2150E333-8FDC-42A3-9474-1A3956D46DE8}") = "src", "src", "{FD9C9993-4D4D-45CA-B371-C62C04ECA3C9}"
EndProject
Project("{2150E333-8FDC-42A3-9474-1A3956D46DE8}") = "tests", "tests", "{62B99A4F-2686-4046-9854-705C237BC635}"
EndProject
Project("{9A19103F-16F7-4668-BE54-9A1E7A4F7556}") = "SqlGenerator.API", "src\SqlGenerator.API\SqlGenerator.API.csproj", "{2CA0E173-CB32-44CC-BC3C-6D0C6704E963}"
EndProject
Project("{2150E333-8FDC-42A3-9474-1A3956D46DE8}") = "Solution Items", "Solution Items", "{05FCAE81-2AB1-429A-8C16-1C810A4D7F10}"
	ProjectSection(SolutionItems) = preProject
		.editorconfig = .editorconfig
		.gitignore = .gitignore
	EndProjectSection
EndProject
Project("{E53339B2-1760-4266-BCC7-CA923CBCF16C}") = "docker-compose", "docker-compose.dcproj", "{89B2F940-6F8A-45E4-8BA4-4C92EA5228B6}"
EndProject
Global
	GlobalSection(SolutionConfigurationPlatforms) = preSolution
		Debug|Any CPU = Debug|Any CPU
		Release|Any CPU = Release|Any CPU
	EndGlobalSection
	GlobalSection(ProjectConfigurationPlatforms) = postSolution
		{2CA0E173-CB32-44CC-BC3C-6D0C6704E963}.Debug|Any CPU.ActiveCfg = Debug|Any CPU
		{2CA0E173-CB32-44CC-BC3C-6D0C6704E963}.Debug|Any CPU.Build.0 = Debug|Any CPU
		{2CA0E173-CB32-44CC-BC3C-6D0C6704E963}.Release|Any CPU.ActiveCfg = Release|Any CPU
		{2CA0E173-CB32-44CC-BC3C-6D0C6704E963}.Release|Any CPU.Build.0 = Release|Any CPU
		{89B2F940-6F8A-45E4-8BA4-4C92EA5228B6}.Debug|Any CPU.ActiveCfg = Debug|Any CPU
		{89B2F940-6F8A-45E4-8BA4-4C92EA5228B6}.Debug|Any CPU.Build.0 = Debug|Any CPU
		{89B2F940-6F8A-45E4-8BA4-4C92EA5228B6}.Release|Any CPU.ActiveCfg = Release|Any CPU
		{89B2F940-6F8A-45E4-8BA4-4C92EA5228B6}.Release|Any CPU.Build.0 = Release|Any CPU
	EndGlobalSection
	GlobalSection(SolutionProperties) = preSolution
		HideSolutionNode = FALSE
	EndGlobalSection
	GlobalSection(NestedProjects) = preSolution
		{2CA0E173-CB32-44CC-BC3C-6D0C6704E963} = {FD9C9993-4D4D-45CA-B371-C62C04ECA3C9}
	EndGlobalSection
EndGlobal
